Microsoft Visual Studio Solution File, Format Version 12.00
# Visual Studio Version 17
VisualStudioVersion = 17.4.33205.214
MinimumVisualStudioVersion = 10.0.40219.1
Project("{8BC9CEB8-8B4A-11D0-8D11-00A0C91BC942}") = "QuantLib", "QuantLib.vcxproj", "{AD0A27DA-91DA-46A2-ACBD-296C419ED3AA}"
EndProject
Project("{8BC9CEB8-8B4A-11D0-8D11-00A0C91BC942}") = "testsuite", "test-suite\testsuite.vcxproj", "{A613045C-34AF-4706-AA3C-730C92524F74}"
EndProject
Global
	GlobalSection(SolutionConfigurationPlatforms) = preSolution
		Debug (static runtime)|x64 = Debug (static runtime)|x64
		Debug|x64 = Debug|x64
		Release (static runtime)|x64 = Release (static runtime)|x64
		Release|x64 = Release|x64
	EndGlobalSection
	GlobalSection(ProjectConfigurationPlatforms) = postSolution
		{AD0A27DA-91DA-46A2-ACBD-296C419ED3AA}.Debug (static runtime)|x64.ActiveCfg = Debug (static runtime)|x64
		{AD0A27DA-91DA-46A2-ACBD-296C419ED3AA}.Debug (static runtime)|x64.Build.0 = Debug (static runtime)|x64
		{AD0A27DA-91DA-46A2-ACBD-296C419ED3AA}.Debug|x64.ActiveCfg = Debug|x64
		{AD0A27DA-91DA-46A2-ACBD-296C419ED3AA}.Debug|x64.Build.0 = Debug|x64
		{AD0A27DA-91DA-46A2-ACBD-296C419ED3AA}.Release (static runtime)|x64.ActiveCfg = Release (static runtime)|x64
		{AD0A27DA-91DA-46A2-ACBD-296C419ED3AA}.Release (static runtime)|x64.Build.0 = Release (static runtime)|x64
		{AD0A27DA-91DA-46A2-ACBD-296C419ED3AA}.Release|x64.ActiveCfg = Release|x64
		{AD0A27DA-91DA-46A2-ACBD-296C419ED3AA}.Release|x64.Build.0 = Release|x64
		{A613045C-34AF-4706-AA3C-730C92524F74}.Debug (static runtime)|x64.ActiveCfg = Debug (static runtime)|x64
		{A613045C-34AF-4706-AA3C-730C92524F74}.Debug (static runtime)|x64.Build.0 = Debug (static runtime)|x64
		{A613045C-34AF-4706-AA3C-730C92524F74}.Debug|x64.ActiveCfg = Debug|x64
		{A613045C-34AF-4706-AA3C-730C92524F74}.Debug|x64.Build.0 = Debug|x64
		{A613045C-34AF-4706-AA3C-730C92524F74}.Release (static runtime)|x64.ActiveCfg = Release (static runtime)|x64
		{A613045C-34AF-4706-AA3C-730C92524F74}.Release (static runtime)|x64.Build.0 = Release (static runtime)|x64
		{A613045C-34AF-4706-AA3C-730C92524F74}.Release|x64.ActiveCfg = Release|x64
		{A613045C-34AF-4706-AA3C-730C92524F74}.Release|x64.Build.0 = Release|x64
	EndGlobalSection
	GlobalSection(SolutionProperties) = preSolution
		HideSolutionNode = FALSE
	EndGlobalSection
	GlobalSection(ExtensibilityGlobals) = postSolution
		SolutionGuid = {83E0DD81-F08A-4B8F-AE32-99F3B39DC3E8}
	EndGlobalSection
EndGlobal
